
Microsoft Visual Studio Solution File, Format Version 12.00
# Visual Studio Version 17
VisualStudioVersion = 17.14.36401.2
MinimumVisualStudioVersion = 10.0.40219.1
Project("{FAE04EC0-301F-11D3-BF4B-00C04F79EFBC}") = "ST10438767_CLDV6212", "ST10438767_CLDV6212\ST10438767_CLDV6212.csproj", "{B0F016CE-6F35-4B48-822E-49CBF6667B44}"
EndProject
Project("{FAE04EC0-301F-11D3-BF4B-00C04F79EFBC}") = "OrderFunction", "OrderFunction\OrderFunction.csproj", "{C11B1E9D-5E91-4385-BF3C-86F2588D7F16}"
EndProject
Project("{FAE04EC0-301F-11D3-BF4B-00C04F79EFBC}") = "ProductFunction", "ProductFunction\ProductFunction.csproj", "{A6F2A62A-9D04-459F-9D23-9F05E801357F}"
EndProject
Project("{FAE04EC0-301F-11D3-BF4B-00C04F79EFBC}") = "FilesFunction", "FilesFunction\FilesFunction.csproj", "{C2957AF3-9EDE-4BB3-930B-4B2275E47C50}"
EndProject
Project("{FAE04EC0-301F-11D3-BF4B-00C04F79EFBC}") = "POEFunctions", "POEFunctions\POEFunctions.csproj", "{A891E38E-4E7F-414F-A0A9-A3867FFBB4C7}"
EndProject
Project("{FAE04EC0-301F-11D3-BF4B-00C04F79EFBC}") = "LoginAPI", "LoginAPI\LoginAPI.csproj", "{AD749EFF-B76C-443F-915C-E9E220CF8FF4}"
EndProject
Global
	GlobalSection(SolutionConfigurationPlatforms) = preSolution
		Debug|Any CPU = Debug|Any CPU
		Release|Any CPU = Release|Any CPU
	EndGlobalSection
	GlobalSection(ProjectConfigurationPlatforms) = postSolution
		{B0F016CE-6F35-4B48-822E-49CBF6667B44}.Debug|Any CPU.ActiveCfg = Debug|Any CPU
		{B0F016CE-6F35-4B48-822E-49CBF6667B44}.Debug|Any CPU.Build.0 = Debug|Any CPU
		{B0F016CE-6F35-4B48-822E-49CBF6667B44}.Release|Any CPU.ActiveCfg = Release|Any CPU
		{B0F016CE-6F35-4B48-822E-49CBF6667B44}.Release|Any CPU.Build.0 = Release|Any CPU
		{C11B1E9D-5E91-4385-BF3C-86F2588D7F16}.Debug|Any CPU.ActiveCfg = Debug|Any CPU
		{C11B1E9D-5E91-4385-BF3C-86F2588D7F16}.Debug|Any CPU.Build.0 = Debug|Any CPU
		{C11B1E9D-5E91-4385-BF3C-86F2588D7F16}.Release|Any CPU.ActiveCfg = Release|Any CPU
		{C11B1E9D-5E91-4385-BF3C-86F2588D7F16}.Release|Any CPU.Build.0 = Release|Any CPU
		{A6F2A62A-9D04-459F-9D23-9F05E801357F}.Debug|Any CPU.ActiveCfg = Debug|Any CPU
		{A6F2A62A-9D04-459F-9D23-9F05E801357F}.Debug|Any CPU.Build.0 = Debug|Any CPU
		{A6F2A62A-9D04-459F-9D23-9F05E801357F}.Release|Any CPU.ActiveCfg = Release|Any CPU
		{A6F2A62A-9D04-459F-9D23-9F05E801357F}.Release|Any CPU.Build.0 = Release|Any CPU
		{C2957AF3-9EDE-4BB3-930B-4B2275E47C50}.Debug|Any CPU.ActiveCfg = Debug|Any CPU
		{C2957AF3-9EDE-4BB3-930B-4B2275E47C50}.Debug|Any CPU.Build.0 = Debug|Any CPU
		{C2957AF3-9EDE-4BB3-930B-4B2275E47C50}.Release|Any CPU.ActiveCfg = Release|Any CPU
		{C2957AF3-9EDE-4BB3-930B-4B2275E47C50}.Release|Any CPU.Build.0 = Release|Any CPU
		{A891E38E-4E7F-414F-A0A9-A3867FFBB4C7}.Debug|Any CPU.ActiveCfg = Debug|Any CPU
		{A891E38E-4E7F-414F-A0A9-A3867FFBB4C7}.Debug|Any CPU.Build.0 = Debug|Any CPU
		{A891E38E-4E7F-414F-A0A9-A3867FFBB4C7}.Release|Any CPU.ActiveCfg = Release|Any CPU
		{A891E38E-4E7F-414F-A0A9-A3867FFBB4C7}.Release|Any CPU.Build.0 = Release|Any CPU
		{AD749EFF-B76C-443F-915C-E9E220CF8FF4}.Debug|Any CPU.ActiveCfg = Debug|Any CPU
		{AD749EFF-B76C-443F-915C-E9E220CF8FF4}.Debug|Any CPU.Build.0 = Debug|Any CPU
		{AD749EFF-B76C-443F-915C-E9E220CF8FF4}.Release|Any CPU.ActiveCfg = Release|Any CPU
		{AD749EFF-B76C-443F-915C-E9E220CF8FF4}.Release|Any CPU.Build.0 = Release|Any CPU
	EndGlobalSection
	GlobalSection(SolutionProperties) = preSolution
		HideSolutionNode = FALSE
	EndGlobalSection
	GlobalSection(ExtensibilityGlobals) = postSolution
		SolutionGuid = {E7C530AA-6493-4F58-9AAD-E7D30924059B}
	EndGlobalSection
EndGlobal
